lockfileVersion: '9.0'

settings:
  autoInstallPeers: true
  excludeLinksFromLockfile: false

importers:

  .:
    dependencies:
      imapflow:
        specifier: ^1.0.169
        version: 1.0.169
      mailparser:
        specifier: ^3.7.1
        version: 3.7.1
    devDependencies:
      '@types/node':
        specifier: ^22.9.0
        version: 22.9.0

packages:

  '@selderee/plugin-htmlparser2@0.11.0':
    resolution: {integrity: sha512-P33hHGdldxGabLFjPPpaTxVolMrzrcegejx+0GxjrIb9Zv48D8yAIA/QTDR2dFl7Uz7urX8aX6+5bCZslr+gWQ==}

  '@types/node@22.9.0':
    resolution: {integrity: sha512-vuyHg81vvWA1Z1ELfvLko2c8f34gyA0zaic0+Rllc5lbCnbSyuvb2Oxpm6TAUAC/2xZN3QGqxBNggD1nNR2AfQ==}

  atomic-sleep@1.0.0:
    resolution: {integrity: sha512-kNOjDqAh7px0XWNI+4QbzoiR/nTkHAWNud2uvnJquD1/x5a7EQZMJT0AczqK0Qn67oY/TTQ1LbUKajZpp3I9tQ==}
    engines: {node: '>=8.0.0'}

  deepmerge@4.3.1:
    resolution: {integrity: sha512-3sUqbMEc77XqpdNO7FRyRog+eW3ph+GYCbj+rK+uYyRMuwsVy0rMiVtPn+QJlKFvWP/1PYpapqYn0Me2knFn+A==}
    engines: {node: '>=0.10.0'}

  dom-serializer@2.0.0:
    resolution: {integrity: sha512-wIkAryiqt/nV5EQKqQpo3SToSOV9J0DnbJqwK7Wv/Trc92zIAYZ4FlMu+JPFW1DfGFt81ZTCGgDEabffXeLyJg==}

  domelementtype@2.3.0:
    resolution: {integrity: sha512-OLETBj6w0OsagBwdXnPdN0cnMfF9opN69co+7ZrbfPGrdpPVNBUj02spi6B1N7wChLQiPn4CSH/zJvXw56gmHw==}

  domhandler@5.0.3:
    resolution: {integrity: sha512-cgwlv/1iFQiFnU96XXgROh8xTeetsnJiDsTc7TYCLFd9+/WNkIqPTxiM/8pSd8VIrhXGTf1Ny1q1hquVqDJB5w==}
    engines: {node: '>= 4'}

  domutils@3.1.0:
    resolution: {integrity: sha512-H78uMmQtI2AhgDJjWeQmHwJJ2bLPD3GMmO7Zja/ZZh84wkm+4ut+IUnUdRa8uCGX88DiVx1j6FRe1XfxEgjEZA==}

  encoding-japanese@2.0.0:
    resolution: {integrity: sha512-++P0RhebUC8MJAwJOsT93dT+5oc5oPImp1HubZpAuCZ5kTLnhuuBhKHj2jJeO/Gj93idPBWmIuQ9QWMe5rX3pQ==}
    engines: {node: '>=8.10.0'}

  encoding-japanese@2.1.0:
    resolution: {integrity: sha512-58XySVxUgVlBikBTbQ8WdDxBDHIdXucB16LO5PBHR8t75D54wQrNo4cg+58+R1CtJfKnsVsvt9XlteRaR8xw1w==}
    engines: {node: '>=8.10.0'}

  encoding-japanese@2.2.0:
    resolution: {integrity: sha512-EuJWwlHPZ1LbADuKTClvHtwbaFn4rOD+dRAbWysqEOXRc2Uui0hJInNJrsdH0c+OhJA4nrCBdSkW4DD5YxAo6A==}
    engines: {node: '>=8.10.0'}

  entities@4.5.0:
    resolution: {integrity: sha512-V0hjH4dGPh9Ao5p0MoRY6BVqtwCjhz6vI5LT8AJ55H+4g9/4vbHx1I54fS0XuclLhDHArPQCiMjDxjaL8fPxhw==}
    engines: {node: '>=0.12'}

  fast-redact@3.5.0:
    resolution: {integrity: sha512-dwsoQlS7h9hMeYUq1W++23NDcBLV4KqONnITDV9DjfS3q1SgDGVrBdvvTLUotWtPSD7asWDV9/CmsZPy8Hf70A==}
    engines: {node: '>=6'}

  he@1.2.0:
    resolution: {integrity: sha512-F/1DnUGPopORZi0ni+CvrCgHQ5FyEAHRLSApuYWMmrbSwoN2Mn/7k+Gl38gJnR7yyDZk6WLXwiGod1JOWNDKGw==}
    hasBin: true

  html-to-text@9.0.5:
    resolution: {integrity: sha512-qY60FjREgVZL03vJU6IfMV4GDjGBIoOyvuFdpBDIX9yTlDw0TjxVBQp+P8NvpdIXNJvfWBTNul7fsAQJq2FNpg==}
    engines: {node: '>=14'}

  htmlparser2@8.0.2:
    resolution: {integrity: sha512-GYdjWKDkbRLkZ5geuHs5NY1puJ+PXwP7+fHPRz06Eirsb9ugf6d8kkXav6ADhcODhFFPMIXyxkxSuMf3D6NCFA==}

  iconv-lite@0.6.3:
    resolution: {integrity: sha512-4fCk79wshMdzMp2rH06qWrJE4iolqLhCUH+OiuIgU++RB0+94NlDL81atO7GX55uUKueo0txHNtvEyI6D7WdMw==}
    engines: {node: '>=0.10.0'}

  imapflow@1.0.169:
    resolution: {integrity: sha512-bPq5KyS6TgNX9rj+khGnIsfwREEvM0OIqnkOgIzz2i/duBHUk5erXYe3+bCMWT89p2WDDyIQeRjezQ5rDwob/Q==}

  ip-address@9.0.5:
    resolution: {integrity: sha512-zHtQzGojZXTwZTHQqra+ETKd4Sn3vgi7uBmlPoXVWZqYvuKmtI0l/VZTjqGmJY9x88GGOaZ9+G9ES8hC4T4X8g==}
    engines: {node: '>= 12'}

  jsbn@1.1.0:
    resolution: {integrity: sha512-4bYVV3aAMtDTTu4+xsDYa6sy9GyJ69/amsu9sYF2zqjiEoZA5xJi3BrfX3uY+/IekIu7MwdObdbDWpoZdBv3/A==}

  leac@0.6.0:
    resolution: {integrity: sha512-y+SqErxb8h7nE/fiEX07jsbuhrpO9lL8eca7/Y1nuWV2moNlXhyd59iDGcRf6moVyDMbmTNzL40SUyrFU/yDpg==}

  libbase64@1.2.1:
    resolution: {integrity: sha512-l+nePcPbIG1fNlqMzrh68MLkX/gTxk/+vdvAb388Ssi7UuUN31MI44w4Yf33mM3Cm4xDfw48mdf3rkdHszLNew==}

  libbase64@1.3.0:
    resolution: {integrity: sha512-GgOXd0Eo6phYgh0DJtjQ2tO8dc0IVINtZJeARPeiIJqge+HdsWSuaDTe8ztQ7j/cONByDZ3zeB325AHiv5O0dg==}

  libmime@5.2.0:
    resolution: {integrity: sha512-X2U5Wx0YmK0rXFbk67ASMeqYIkZ6E5vY7pNWRKtnNzqjvdYYG8xtPDpCnuUEnPU9vlgNev+JoSrcaKSUaNvfsw==}

  libmime@5.3.5:
    resolution: {integrity: sha512-nSlR1yRZ43L3cZCiWEw7ali3jY29Hz9CQQ96Oy+sSspYnIP5N54ucOPHqooBsXzwrX1pwn13VUE05q4WmzfaLg==}

  libqp@2.0.1:
    resolution: {integrity: sha512-Ka0eC5LkF3IPNQHJmYBWljJsw0UvM6j+QdKRbWyCdTmYwvIDE6a7bCm0UkTAL/K+3KXK5qXT/ClcInU01OpdLg==}

  libqp@2.1.0:
    resolution: {integrity: sha512-O6O6/fsG5jiUVbvdgT7YX3xY3uIadR6wEZ7+vy9u7PKHAlSEB6blvC1o5pHBjgsi95Uo0aiBBdkyFecj6jtb7A==}

  linkify-it@5.0.0:
    resolution: {integrity: sha512-5aHCbzQRADcdP+ATqnDuhhJ/MRIqDkZX5pyjFHRRysS8vZ5AbqGEoFIb6pYHPZ+L/OC2Lc+xT8uHVVR5CAK/wQ==}

  mailparser@3.7.1:
    resolution: {integrity: sha512-RCnBhy5q8XtB3mXzxcAfT1huNqN93HTYYyL6XawlIKycfxM/rXPg9tXoZ7D46+SgCS1zxKzw+BayDQSvncSTTw==}

  mailsplit@5.4.0:
    resolution: {integrity: sha512-wnYxX5D5qymGIPYLwnp6h8n1+6P6vz/MJn5AzGjZ8pwICWssL+CCQjWBIToOVHASmATot4ktvlLo6CyLfOXWYA==}

  nodemailer@6.9.13:
    resolution: {integrity: sha512-7o38Yogx6krdoBf3jCAqnIN4oSQFx+fMa0I7dK1D+me9kBxx12D+/33wSb+fhOCtIxvYJ+4x4IMEhmhCKfAiOA==}
    engines: {node: '>=6.0.0'}

  nodemailer@6.9.16:
    resolution: {integrity: sha512-psAuZdTIRN08HKVd/E8ObdV6NO7NTBY3KsC30F7M4H1OnmLCUNaS56FpYxyb26zWLSyYF9Ozch9KYHhHegsiOQ==}
    engines: {node: '>=6.0.0'}

  on-exit-leak-free@2.1.2:
    resolution: {integrity: sha512-0eJJY6hXLGf1udHwfNftBqH+g73EU4B504nZeKpz1sYRKafAghwxEJunB2O7rDZkL4PGfsMVnTXZ2EjibbqcsA==}
    engines: {node: '>=14.0.0'}

  parseley@0.12.1:
    resolution: {integrity: sha512-e6qHKe3a9HWr0oMRVDTRhKce+bRO8VGQR3NyVwcjwrbhMmFCX9KszEV35+rn4AdilFAq9VPxP/Fe1wC9Qjd2lw==}

  peberminta@0.9.0:
    resolution: {integrity: sha512-XIxfHpEuSJbITd1H3EeQwpcZbTLHc+VVr8ANI9t5sit565tsI4/xK3KWTUFE2e6QiangUkh3B0jihzmGnNrRsQ==}

  pino-abstract-transport@2.0.0:
    resolution: {integrity: sha512-F63x5tizV6WCh4R6RHyi2Ml+M70DNRXt/+HANowMflpgGFMAym/VKm6G7ZOQRjqN7XbGxK1Lg9t6ZrtzOaivMw==}

  pino-std-serializers@7.0.0:
    resolution: {integrity: sha512-e906FRY0+tV27iq4juKzSYPbUj2do2X2JX4EzSca1631EB2QJQUqGbDuERal7LCtOpxl6x3+nvo9NPZcmjkiFA==}

  pino@9.5.0:
    resolution: {integrity: sha512-xSEmD4pLnV54t0NOUN16yCl7RIB1c5UUOse5HSyEXtBp+FgFQyPeDutc+Q2ZO7/22vImV7VfEjH/1zV2QuqvYw==}
    hasBin: true

  process-warning@4.0.0:
    resolution: {integrity: sha512-/MyYDxttz7DfGMMHiysAsFE4qF+pQYAA8ziO/3NcRVrQ5fSk+Mns4QZA/oRPFzvcqNoVJXQNWNAsdwBXLUkQKw==}

  punycode.js@2.3.1:
    resolution: {integrity: sha512-uxFIHU0YlHYhDQtV4R9J6a52SLx28BCjT+4ieh7IGbgwVJWO+km431c4yRlREUAsAmt/uMjQUyQHNEPf0M39CA==}
    engines: {node: '>=6'}

  quick-format-unescaped@4.0.4:
    resolution: {integrity: sha512-tYC1Q1hgyRuHgloV/YXs2w15unPVh8qfu/qCTfhTYamaw7fyhumKa2yGpdSo87vY32rIclj+4fWYQXUMs9EHvg==}

  real-require@0.2.0:
    resolution: {integrity: sha512-57frrGM/OCTLqLOAh0mhVA9VBMHd+9U7Zb2THMGdBUoZVOtGbJzjxsYGDJ3A9AYYCP4hn6y1TVbaOfzWtm5GFg==}
    engines: {node: '>= 12.13.0'}

  safe-stable-stringify@2.5.0:
    resolution: {integrity: sha512-b3rppTKm9T+PsVCBEOUR46GWI7fdOs00VKZ1+9c1EWDaDMvjQc6tUwuFyIprgGgTcWoVHSKrU8H31ZHA2e0RHA==}
    engines: {node: '>=10'}

  safer-buffer@2.1.2:
    resolution: {integrity: sha512-YZo3K82SD7Riyi0E1EQPojLz7kpepnSQI9IyPbHHg1XXXevb5dJI7tpyN2ADxGcQbHG7vcyRHk0cbwqcQriUtg==}

  selderee@0.11.0:
    resolution: {integrity: sha512-5TF+l7p4+OsnP8BCCvSyZiSPc4x4//p5uPwK8TCnVPJYRmU2aYKMpOXvw8zM5a5JvuuCGN1jmsMwuU2W02ukfA==}

  smart-buffer@4.2.0:
    resolution: {integrity: sha512-94hK0Hh8rPqQl2xXc3HsaBoOXKV20MToPkcXvwbISWLEs+64sBq5kFgn2kJDHb1Pry9yrP0dxrCI9RRci7RXKg==}
    engines: {node: '>= 6.0.0', npm: '>= 3.0.0'}

  socks@2.8.3:
    resolution: {integrity: sha512-l5x7VUUWbjVFbafGLxPWkYsHIhEvmF85tbIeFZWc8ZPtoMyybuEhL7Jye/ooC4/d48FgOjSJXgsF/AJPYCW8Zw==}
    engines: {node: '>= 10.0.0', npm: '>= 3.0.0'}

  sonic-boom@4.2.0:
    resolution: {integrity: sha512-INb7TM37/mAcsGmc9hyyI6+QR3rR1zVRu36B0NeGXKnOOLiZOfER5SA+N7X7k3yUYRzLWafduTDvJAfDswwEww==}

  split2@4.2.0:
    resolution: {integrity: sha512-UcjcJOWknrNkF6PLX83qcHM6KHgVKNkV62Y8a5uYDVv9ydGQVwAHMKqHdJje1VTWpljG0WYpCDhrCdAOYH4TWg==}
    engines: {node: '>= 10.x'}

  sprintf-js@1.1.3:
    resolution: {integrity: sha512-Oo+0REFV59/rz3gfJNKQiBlwfHaSESl1pcGyABQsnnIfWOFt6JNj5gCog2U6MLZ//IGYD+nA8nI+mTShREReaA==}

  thread-stream@3.1.0:
    resolution: {integrity: sha512-OqyPZ9u96VohAyMfJykzmivOrY2wfMSf3C5TtFJVgN+Hm6aj+voFhlK+kZEIv2FBh1X6Xp3DlnCOfEQ3B2J86A==}

  tlds@1.252.0:
    resolution: {integrity: sha512-GA16+8HXvqtfEnw/DTcwB0UU354QE1n3+wh08oFjr6Znl7ZLAeUgYzCcK+/CCrOyE0vnHR8/pu3XXG3vDijXpQ==}
    hasBin: true

  uc.micro@2.1.0:
    resolution: {integrity: sha512-ARDJmphmdvUk6Glw7y9DQ2bFkKBHwQHLi2lsaH6PPmz/Ka9sFOBsBluozhDltWmnv9u/cF6Rt87znRTPV+yp/A==}

  undici-types@6.19.8:
    resolution: {integrity: sha512-ve2KP6f/JnbPBFyobGHuerC9g1FYGn/F8n1LWTwNxCEzd6IfqTwUQcNXgEtmmQ6DlRrC1hrSrBnCZPokRrDHjw==}

snapshots:

  '@selderee/plugin-htmlparser2@0.11.0':
    dependencies:
      domhandler: 5.0.3
      selderee: 0.11.0

  '@types/node@22.9.0':
    dependencies:
      undici-types: 6.19.8

  atomic-sleep@1.0.0: {}

  deepmerge@4.3.1: {}

  dom-serializer@2.0.0:
    dependencies:
      domelementtype: 2.3.0
      domhandler: 5.0.3
      entities: 4.5.0

  domelementtype@2.3.0: {}

  domhandler@5.0.3:
    dependencies:
      domelementtype: 2.3.0

  domutils@3.1.0:
    dependencies:
      dom-serializer: 2.0.0
      domelementtype: 2.3.0
      domhandler: 5.0.3

  encoding-japanese@2.0.0: {}

  encoding-japanese@2.1.0: {}

  encoding-japanese@2.2.0: {}

  entities@4.5.0: {}

  fast-redact@3.5.0: {}

  he@1.2.0: {}

  html-to-text@9.0.5:
    dependencies:
      '@selderee/plugin-htmlparser2': 0.11.0
      deepmerge: 4.3.1
      dom-serializer: 2.0.0
      htmlparser2: 8.0.2
      selderee: 0.11.0

  htmlparser2@8.0.2:
    dependencies:
      domelementtype: 2.3.0
      domhandler: 5.0.3
      domutils: 3.1.0
      entities: 4.5.0

  iconv-lite@0.6.3:
    dependencies:
      safer-buffer: 2.1.2

  imapflow@1.0.169:
    dependencies:
      encoding-japanese: 2.2.0
      iconv-lite: 0.6.3
      libbase64: 1.3.0
      libmime: 5.3.5
      libqp: 2.1.0
      mailsplit: 5.4.0
      nodemailer: 6.9.16
      pino: 9.5.0
      socks: 2.8.3

  ip-address@9.0.5:
    dependencies:
      jsbn: 1.1.0
      sprintf-js: 1.1.3

  jsbn@1.1.0: {}

  leac@0.6.0: {}

  libbase64@1.2.1: {}

  libbase64@1.3.0: {}

  libmime@5.2.0:
    dependencies:
      encoding-japanese: 2.0.0
      iconv-lite: 0.6.3
      libbase64: 1.2.1
      libqp: 2.0.1

  libmime@5.3.5:
    dependencies:
      encoding-japanese: 2.1.0
      iconv-lite: 0.6.3
      libbase64: 1.3.0
      libqp: 2.1.0

  libqp@2.0.1: {}

  libqp@2.1.0: {}

  linkify-it@5.0.0:
    dependencies:
      uc.micro: 2.1.0

  mailparser@3.7.1:
    dependencies:
      encoding-japanese: 2.1.0
      he: 1.2.0
      html-to-text: 9.0.5
      iconv-lite: 0.6.3
      libmime: 5.3.5
      linkify-it: 5.0.0
      mailsplit: 5.4.0
      nodemailer: 6.9.13
      punycode.js: 2.3.1
      tlds: 1.252.0

  mailsplit@5.4.0:
    dependencies:
      libbase64: 1.2.1
      libmime: 5.2.0
      libqp: 2.0.1

  nodemailer@6.9.13: {}

  nodemailer@6.9.16: {}

  on-exit-leak-free@2.1.2: {}

  parseley@0.12.1:
    dependencies:
      leac: 0.6.0
      peberminta: 0.9.0

  peberminta@0.9.0: {}

  pino-abstract-transport@2.0.0:
    dependencies:
      split2: 4.2.0

  pino-std-serializers@7.0.0: {}

  pino@9.5.0:
    dependencies:
      atomic-sleep: 1.0.0
      fast-redact: 3.5.0
      on-exit-leak-free: 2.1.2
      pino-abstract-transport: 2.0.0
      pino-std-serializers: 7.0.0
      process-warning: 4.0.0
      quick-format-unescaped: 4.0.4
      real-require: 0.2.0
      safe-stable-stringify: 2.5.0
      sonic-boom: 4.2.0
      thread-stream: 3.1.0

  process-warning@4.0.0: {}

  punycode.js@2.3.1: {}

  quick-format-unescaped@4.0.4: {}

  real-require@0.2.0: {}

  safe-stable-stringify@2.5.0: {}

  safer-buffer@2.1.2: {}

  selderee@0.11.0:
    dependencies:
      parseley: 0.12.1

  smart-buffer@4.2.0: {}

  socks@2.8.3:
    dependencies:
      ip-address: 9.0.5
      smart-buffer: 4.2.0

  sonic-boom@4.2.0:
    dependencies:
      atomic-sleep: 1.0.0

  split2@4.2.0: {}

  sprintf-js@1.1.3: {}

  thread-stream@3.1.0:
    dependencies:
      real-require: 0.2.0

  tlds@1.252.0: {}

  uc.micro@2.1.0: {}

  undici-types@6.19.8: {}
