lockfileVersion: '9.0'

settings:
  autoInstallPeers: true
  excludeLinksFromLockfile: false

importers:

  .:
    dependencies:
      base-64:
        specifier: ^1.0.0
        version: 1.0.0
      cacheable-lookup:
        specifier: ^7.0.0
        version: 7.0.0
      md5:
        specifier: ^2.3.0
        version: 2.3.0
      undici:
        specifier: ^6.21.0
        version: 6.21.0
    devDependencies:
      '@types/base-64':
        specifier: ^1.0.2
        version: 1.0.2
      '@types/md5':
        specifier: ^2.3.5
        version: 2.3.5

packages:

  '@types/base-64@1.0.2':
    resolution: {integrity: sha512-uPgKMmM9fmn7I+Zi6YBqctOye4SlJsHKcisjHIMWpb2YKZRc36GpKyNuQ03JcT+oNXg1m7Uv4wU94EVltn8/cw==}

  '@types/md5@2.3.5':
    resolution: {integrity: sha512-/i42wjYNgE6wf0j2bcTX6kuowmdL/6PE4IVitMpm2eYKBUuYCprdcWVK+xEF0gcV6ufMCRhtxmReGfc6hIK7Jw==}

  base-64@1.0.0:
    resolution: {integrity: sha512-kwDPIFCGx0NZHog36dj+tHiwP4QMzsZ3AgMViUBKI0+V5n4U0ufTCUMhnQ04diaRI8EX/QcPfql7zlhZ7j4zgg==}

  cacheable-lookup@7.0.0:
    resolution: {integrity: sha512-+qJyx4xiKra8mZrcwhjMRMUhD5NR1R8esPkzIYxX96JiecFoxAXFuz/GpR3+ev4PE1WamHip78wV0vcmPQtp8w==}
    engines: {node: '>=14.16'}

  charenc@0.0.2:
    resolution: {integrity: sha512-yrLQ/yVUFXkzg7EDQsPieE/53+0RlaWTs+wBrvW36cyilJ2SaDWfl4Yj7MtLTXleV9uEKefbAGUPv2/iWSooRA==}

  crypt@0.0.2:
    resolution: {integrity: sha512-mCxBlsHFYh9C+HVpiEacem8FEBnMXgU9gy4zmNC+SXAZNB/1idgp/aulFJ4FgCi7GPEVbfyng092GqL2k2rmow==}

  is-buffer@1.1.6:
    resolution: {integrity: sha512-NcdALwpXkTm5Zvvbk7owOUSvVvBKDgKP5/ewfXEznmQFfs4ZRmanOeKBTjRVjka3QFoN6XJ+9F3USqfHqTaU5w==}

  md5@2.3.0:
    resolution: {integrity: sha512-T1GITYmFaKuO91vxyoQMFETst+O71VUPEU3ze5GNzDm0OWdP8v1ziTaAEPUr/3kLsY3Sftgz242A1SetQiDL7g==}

  undici@6.21.0:
    resolution: {integrity: sha512-BUgJXc752Kou3oOIuU1i+yZZypyZRqNPW0vqoMPl8VaoalSfeR0D8/t4iAS3yirs79SSMTxTag+ZC86uswv+Cw==}
    engines: {node: '>=18.17'}

snapshots:

  '@types/base-64@1.0.2': {}

  '@types/md5@2.3.5': {}

  base-64@1.0.0: {}

  cacheable-lookup@7.0.0: {}

  charenc@0.0.2: {}

  crypt@0.0.2: {}

  is-buffer@1.1.6: {}

  md5@2.3.0:
    dependencies:
      charenc: 0.0.2
      crypt: 0.0.2
      is-buffer: 1.1.6

  undici@6.21.0: {}
